// !$*UTF8*$!
{
	archiveVersion = 1;
	classes = {
	};
	objectVersion = 46;
	objects = {

/* Begin PBXBuildFile section */
		BF288AD71A86F5060028E22A /* AppDelegate.swift in Sources */ = {isa = PBXBuildFile; fileRef = BF288AD61A86F5060028E22A /* AppDelegate.swift */; };
		BF288ADA1A86F5060028E22A /* Dare.xcdatamodeld in Sources */ = {isa = PBXBuildFile; fileRef = BF288AD81A86F5060028E22A /* Dare.xcdatamodeld */; };
		BF288ADC1A86F5060028E22A /* SignInViewController.swift in Sources */ = {isa = PBXBuildFile; fileRef = BF288ADB1A86F5060028E22A /* SignInViewController.swift */; };
		BF288ADF1A86F5060028E22A /* Main.storyboard in Resources */ = {isa = PBXBuildFile; fileRef = BF288ADD1A86F5060028E22A /* Main.storyboard */; };
		BF288AE11A86F5060028E22A /* Images.xcassets in Resources */ = {isa = PBXBuildFile; fileRef = BF288AE01A86F5060028E22A /* Images.xcassets */; };
		BF288AE41A86F5060028E22A /* LaunchScreen.xib in Resources */ = {isa = PBXBuildFile; fileRef = BF288AE21A86F5060028E22A /* LaunchScreen.xib */; };
		BF288AF01A86F5060028E22A /* DareTests.swift in Sources */ = {isa = PBXBuildFile; fileRef = BF288AEF1A86F5060028E22A /* DareTests.swift */; };
		BF9F4D121AC0EF9C004A57FB /* ProfileViewController.swift in Sources */ = {isa = PBXBuildFile; fileRef = BF9F4D111AC0EF9C004A57FB /* ProfileViewController.swift */; };
		BF9F4D151AC0F5BA004A57FB /* DareCreationViewController.swift in Sources */ = {isa = PBXBuildFile; fileRef = BF9F4D141AC0F5BA004A57FB /* DareCreationViewController.swift */; };
		BFF7F3091AC1EE1A00A0CD13 /* DareTableViewController.swift in Sources */ = {isa = PBXBuildFile; fileRef = BFF7F3081AC1EE1A00A0CD13 /* DareTableViewController.swift */; };
		BFF7F30B1AC1F97900A0CD13 /* DareTableViewCell.xib in Resources */ = {isa = PBXBuildFile; fileRef = BFF7F30A1AC1F97900A0CD13 /* DareTableViewCell.xib */; };
		BFF7F3171AC2033800A0CD13 /* swift 3.jpg in Resources */ = {isa = PBXBuildFile; fileRef = BFF7F3161AC2033800A0CD13 /* swift 3.jpg */; };
		BFF7F3191AC20B3100A0CD13 /* swift 1.jpg in Resources */ = {isa = PBXBuildFile; fileRef = BFF7F3181AC20B3100A0CD13 /* swift 1.jpg */; };
		BFF7F31B1AC20B7F00A0CD13 /* swift 2.jpg in Resources */ = {isa = PBXBuildFile; fileRef = BFF7F31A1AC20B7F00A0CD13 /* swift 2.jpg */; };
		BFF8A29C1AC09F270097518F /* BebasNeue Bold.otf in Resources */ = {isa = PBXBuildFile; fileRef = BFF8A2961AC095030097518F /* BebasNeue Bold.otf */; };
		BFF8A29D1AC09F270097518F /* BebasNeue Book.otf in Resources */ = {isa = PBXBuildFile; fileRef = BFF8A2971AC095030097518F /* BebasNeue Book.otf */; };
		BFF8A29E1AC09F270097518F /* BebasNeue Light.otf in Resources */ = {isa = PBXBuildFile; fileRef = BFF8A2981AC095030097518F /* BebasNeue Light.otf */; };
		BFF8A29F1AC09F270097518F /* BebasNeue Regular.otf in Resources */ = {isa = PBXBuildFile; fileRef = BFF8A2991AC095030097518F /* BebasNeue Regular.otf */; };
		BFF8A2A01AC09F270097518F /* BebasNeue Thin.otf in Resources */ = {isa = PBXBuildFile; fileRef = BFF8A29A1AC095030097518F /* BebasNeue Thin.otf */; };
		BFF8A2A21AC0A8380097518F /* AccountCreationViewController.swift in Sources */ = {isa = PBXBuildFile; fileRef = BFF8A2A11AC0A8380097518F /* AccountCreationViewController.swift */; };
		BFF8A2A41AC0EA8D0097518F /* DareTabBarViewController.swift in Sources */ = {isa = PBXBuildFile; fileRef = BFF8A2A31AC0EA8D0097518F /* DareTabBarViewController.swift */; };
		C3F8528E1AC3D18B00C92E44 /* AudioToolbox.framework in Frameworks */ = {isa = PBXBuildFile; fileRef = C3F8528D1AC3D18B00C92E44 /* AudioToolbox.framework */; };
		C3F852901AC3D19900C92E44 /* CFNetwork.framework in Frameworks */ = {isa = PBXBuildFile; fileRef = C3F8528F1AC3D19900C92E44 /* CFNetwork.framework */; };
		C3F852921AC3D1A800C92E44 /* CoreGraphics.framework in Frameworks */ = {isa = PBXBuildFile; fileRef = C3F852911AC3D1A800C92E44 /* CoreGraphics.framework */; };
		C3F852941AC3D1B200C92E44 /* CoreLocation.framework in Frameworks */ = {isa = PBXBuildFile; fileRef = C3F852931AC3D1B200C92E44 /* CoreLocation.framework */; };
		C3F852961AC3D1BD00C92E44 /* MobileCoreServices.framework in Frameworks */ = {isa = PBXBuildFile; fileRef = C3F852951AC3D1BD00C92E44 /* MobileCoreServices.framework */; };
		C3F852981AC3D1C800C92E44 /* QuartzCore.framework in Frameworks */ = {isa = PBXBuildFile; fileRef = C3F852971AC3D1C800C92E44 /* QuartzCore.framework */; };
		C3F8529A1AC3D1D200C92E44 /* Security.framework in Frameworks */ = {isa = PBXBuildFile; fileRef = C3F852991AC3D1D200C92E44 /* Security.framework */; };
		C3F8529C1AC3D1DD00C92E44 /* StoreKit.framework in Frameworks */ = {isa = PBXBuildFile; fileRef = C3F8529B1AC3D1DD00C92E44 /* StoreKit.framework */; };
		C3F8529E1AC3D1EC00C92E44 /* SystemConfiguration.framework in Frameworks */ = {isa = PBXBuildFile; fileRef = C3F8529D1AC3D1EC00C92E44 /* SystemConfiguration.framework */; };
		C3F852A01AC3D1F800C92E44 /* libz.dylib in Frameworks */ = {isa = PBXBuildFile; fileRef = C3F8529F1AC3D1F800C92E44 /* libz.dylib */; };
		C3F852A21AC3D20300C92E44 /* libsqlite3.dylib in Frameworks */ = {isa = PBXBuildFile; fileRef = C3F852A11AC3D20300C92E44 /* libsqlite3.dylib */; };
		C3F852A41AC3D22B00C92E44 /* Parse.framework in Frameworks */ = {isa = PBXBuildFile; fileRef = C3F852A31AC3D22B00C92E44 /* Parse.framework */; };
		C3F852A61AC3D23600C92E44 /* Bolts.framework in Frameworks */ = {isa = PBXBuildFile; fileRef = C3F852A51AC3D23600C92E44 /* Bolts.framework */; };
/* End PBXBuildFile section */

/* Begin PBXContainerItemProxy section */
		BF288AEA1A86F5060028E22A /* PBXContainerItemProxy */ = {
			isa = PBXContainerItemProxy;
			containerPortal = BF288AC91A86F5060028E22A /* Project object */;
			proxyType = 1;
			remoteGlobalIDString = BF288AD01A86F5060028E22A;
			remoteInfo = Dare;
		};
/* End PBXContainerItemProxy section */

/* Begin PBXFileReference section */
		BF288AD11A86F5060028E22A /* Dare.app */ = {isa = PBXFileReference; explicitFileType = wrapper.application; includeInIndex = 0; path = Dare.app; sourceTree = BUILT_PRODUCTS_DIR; };
		BF288AD51A86F5060028E22A /* Info.plist */ = {isa = PBXFileReference; lastKnownFileType = text.plist.xml; path = Info.plist; sourceTree = "<group>"; };
		BF288AD61A86F5060028E22A /* AppDelegate.swift */ = {isa = PBXFileReference; lastKnownFileType = sourcecode.swift; path = AppDelegate.swift; sourceTree = "<group>"; };
		BF288AD91A86F5060028E22A /* Dare.xcdatamodel */ = {isa = PBXFileReference; lastKnownFileType = wrapper.xcdatamodel; path = Dare.xcdatamodel; sourceTree = "<group>"; };
		BF288ADB1A86F5060028E22A /* SignInViewController.swift */ = {isa = PBXFileReference; lastKnownFileType = sourcecode.swift; path = SignInViewController.swift; sourceTree = "<group>"; };
		BF288ADE1A86F5060028E22A /* Base */ = {isa = PBXFileReference; lastKnownFileType = file.storyboard; name = Base; path = Base.lproj/Main.storyboard; sourceTree = "<group>"; };
		BF288AE01A86F5060028E22A /* Images.xcassets */ = {isa = PBXFileReference; lastKnownFileType = folder.assetcatalog; path = Images.xcassets; sourceTree = "<group>"; };
		BF288AE31A86F5060028E22A /* Base */ = {isa = PBXFileReference; lastKnownFileType = file.xib; name = Base; path = Base.lproj/LaunchScreen.xib; sourceTree = "<group>"; };
		BF288AE91A86F5060028E22A /* DareTests.xctest */ = {isa = PBXFileReference; explicitFileType = wrapper.cfbundle; includeInIndex = 0; path = DareTests.xctest; sourceTree = BUILT_PRODUCTS_DIR; };
		BF288AEE1A86F5060028E22A /* Info.plist */ = {isa = PBXFileReference; lastKnownFileType = text.plist.xml; path = Info.plist; sourceTree = "<group>"; };
		BF288AEF1A86F5060028E22A /* DareTests.swift */ = {isa = PBXFileReference; lastKnownFileType = sourcecode.swift; path = DareTests.swift; sourceTree = "<group>"; };
		BF9F4D111AC0EF9C004A57FB /* ProfileViewController.swift */ = {isa = PBXFileReference; fileEncoding = 4; lastKnownFileType = sourcecode.swift; path = ProfileViewController.swift; sourceTree = "<group>"; };
		BF9F4D141AC0F5BA004A57FB /* DareCreationViewController.swift */ = {isa = PBXFileReference; fileEncoding = 4; lastKnownFileType = sourcecode.swift; path = DareCreationViewController.swift; sourceTree = "<group>"; };
		BFF7F3081AC1EE1A00A0CD13 /* DareTableViewController.swift */ = {isa = PBXFileReference; fileEncoding = 4; lastKnownFileType = sourcecode.swift; path = DareTableViewController.swift; sourceTree = "<group>"; };
		BFF7F30A1AC1F97900A0CD13 /* DareTableViewCell.xib */ = {isa = PBXFileReference; fileEncoding = 4; lastKnownFileType = file.xib; path = DareTableViewCell.xib; sourceTree = "<group>"; };
		BFF7F3161AC2033800A0CD13 /* swift 3.jpg */ = {isa = PBXFileReference; lastKnownFileType = image.jpeg; path = "swift 3.jpg"; sourceTree = "<group>"; };
		BFF7F3181AC20B3100A0CD13 /* swift 1.jpg */ = {isa = PBXFileReference; lastKnownFileType = image.jpeg; path = "swift 1.jpg"; sourceTree = "<group>"; };
		BFF7F31A1AC20B7F00A0CD13 /* swift 2.jpg */ = {isa = PBXFileReference; lastKnownFileType = image.jpeg; path = "swift 2.jpg"; sourceTree = "<group>"; };
		BFF8A2961AC095030097518F /* BebasNeue Bold.otf */ = {isa = PBXFileReference; lastKnownFileType = file; path = "BebasNeue Bold.otf"; sourceTree = "<group>"; };
		BFF8A2971AC095030097518F /* BebasNeue Book.otf */ = {isa = PBXFileReference; lastKnownFileType = file; path = "BebasNeue Book.otf"; sourceTree = "<group>"; };
		BFF8A2981AC095030097518F /* BebasNeue Light.otf */ = {isa = PBXFileReference; lastKnownFileType = file; path = "BebasNeue Light.otf"; sourceTree = "<group>"; };
		BFF8A2991AC095030097518F /* BebasNeue Regular.otf */ = {isa = PBXFileReference; lastKnownFileType = file; path = "BebasNeue Regular.otf"; sourceTree = "<group>"; };
		BFF8A29A1AC095030097518F /* BebasNeue Thin.otf */ = {isa = PBXFileReference; lastKnownFileType = file; path = "BebasNeue Thin.otf"; sourceTree = "<group>"; };
		BFF8A2A11AC0A8380097518F /* AccountCreationViewController.swift */ = {isa = PBXFileReference; fileEncoding = 4; lastKnownFileType = sourcecode.swift; path = AccountCreationViewController.swift; sourceTree = "<group>"; };
		BFF8A2A31AC0EA8D0097518F /* DareTabBarViewController.swift */ = {isa = PBXFileReference; fileEncoding = 4; lastKnownFileType = sourcecode.swift; path = DareTabBarViewController.swift; sourceTree = "<group>"; };
		C3F8528D1AC3D18B00C92E44 /* AudioToolbox.framework */ = {isa = PBXFileReference; lastKnownFileType = wrapper.framework; name = AudioToolbox.framework; path = System/Library/Frameworks/AudioToolbox.framework; sourceTree = SDKROOT; };
		C3F8528F1AC3D19900C92E44 /* CFNetwork.framework */ = {isa = PBXFileReference; lastKnownFileType = wrapper.framework; name = CFNetwork.framework; path = System/Library/Frameworks/CFNetwork.framework; sourceTree = SDKROOT; };
		C3F852911AC3D1A800C92E44 /* CoreGraphics.framework */ = {isa = PBXFileReference; lastKnownFileType = wrapper.framework; name = CoreGraphics.framework; path = System/Library/Frameworks/CoreGraphics.framework; sourceTree = SDKROOT; };
		C3F852931AC3D1B200C92E44 /* CoreLocation.framework */ = {isa = PBXFileReference; lastKnownFileType = wrapper.framework; name = CoreLocation.framework; path = System/Library/Frameworks/CoreLocation.framework; sourceTree = SDKROOT; };
		C3F852951AC3D1BD00C92E44 /* MobileCoreServices.framework */ = {isa = PBXFileReference; lastKnownFileType = wrapper.framework; name = MobileCoreServices.framework; path = System/Library/Frameworks/MobileCoreServices.framework; sourceTree = SDKROOT; };
		C3F852971AC3D1C800C92E44 /* QuartzCore.framework */ = {isa = PBXFileReference; lastKnownFileType = wrapper.framework; name = QuartzCore.framework; path = System/Library/Frameworks/QuartzCore.framework; sourceTree = SDKROOT; };
		C3F852991AC3D1D200C92E44 /* Security.framework */ = {isa = PBXFileReference; lastKnownFileType = wrapper.framework; name = Security.framework; path = System/Library/Frameworks/Security.framework; sourceTree = SDKROOT; };
		C3F8529B1AC3D1DD00C92E44 /* StoreKit.framework */ = {isa = PBXFileReference; lastKnownFileType = wrapper.framework; name = StoreKit.framework; path = System/Library/Frameworks/StoreKit.framework; sourceTree = SDKROOT; };
		C3F8529D1AC3D1EC00C92E44 /* SystemConfiguration.framework */ = {isa = PBXFileReference; lastKnownFileType = wrapper.framework; name = SystemConfiguration.framework; path = System/Library/Frameworks/SystemConfiguration.framework; sourceTree = SDKROOT; };
		C3F8529F1AC3D1F800C92E44 /* libz.dylib */ = {isa = PBXFileReference; lastKnownFileType = "compiled.mach-o.dylib"; name = libz.dylib; path = usr/lib/libz.dylib; sourceTree = SDKROOT; };
		C3F852A11AC3D20300C92E44 /* libsqlite3.dylib */ = {isa = PBXFileReference; lastKnownFileType = "compiled.mach-o.dylib"; name = libsqlite3.dylib; path = usr/lib/libsqlite3.dylib; sourceTree = SDKROOT; };
		C3F852A31AC3D22B00C92E44 /* Parse.framework */ = {isa = PBXFileReference; lastKnownFileType = wrapper.framework; path = Parse.framework; sourceTree = "<group>"; };
		C3F852A51AC3D23600C92E44 /* Bolts.framework */ = {isa = PBXFileReference; lastKnownFileType = wrapper.framework; path = Bolts.framework; sourceTree = "<group>"; };
/* End PBXFileReference section */

/* Begin PBXFrameworksBuildPhase section */
		BF288ACE1A86F5060028E22A /* Frameworks */ = {
			isa = PBXFrameworksBuildPhase;
			buildActionMask = 2147483647;
			files = (
				C3F852A21AC3D20300C92E44 /* libsqlite3.dylib in Frameworks */,
				C3F852A01AC3D1F800C92E44 /* libz.dylib in Frameworks */,
				C3F8529E1AC3D1EC00C92E44 /* SystemConfiguration.framework in Frameworks */,
				C3F8529C1AC3D1DD00C92E44 /* StoreKit.framework in Frameworks */,
				C3F8529A1AC3D1D200C92E44 /* Security.framework in Frameworks */,
				C3F852981AC3D1C800C92E44 /* QuartzCore.framework in Frameworks */,
				C3F852961AC3D1BD00C92E44 /* MobileCoreServices.framework in Frameworks */,
				C3F852A61AC3D23600C92E44 /* Bolts.framework in Frameworks */,
				C3F852941AC3D1B200C92E44 /* CoreLocation.framework in Frameworks */,
				C3F852921AC3D1A800C92E44 /* CoreGraphics.framework in Frameworks */,
				C3F852901AC3D19900C92E44 /* CFNetwork.framework in Frameworks */,
				C3F852A41AC3D22B00C92E44 /* Parse.framework in Frameworks */,
				C3F8528E1AC3D18B00C92E44 /* AudioToolbox.framework in Frameworks */,
			);
			runOnlyForDeploymentPostprocessing = 0;
		};
		BF288AE61A86F5060028E22A /* Frameworks */ = {
			isa = PBXFrameworksBuildPhase;
			buildActionMask = 2147483647;
			files = (
			);
			runOnlyForDeploymentPostprocessing = 0;
		};
/* End PBXFrameworksBuildPhase section */

/* Begin PBXGroup section */
		BF288AC81A86F5060028E22A = {
			isa = PBXGroup;
			children = (
				C3F852A71AC3D23F00C92E44 /* Frameworks */,
				BF288AD31A86F5060028E22A /* Dare */,
				BF288AEC1A86F5060028E22A /* DareTests */,
				BF288AD21A86F5060028E22A /* Products */,
			);
			sourceTree = "<group>";
		};
		BF288AD21A86F5060028E22A /* Products */ = {
			isa = PBXGroup;
			children = (
				BF288AD11A86F5060028E22A /* Dare.app */,
				BF288AE91A86F5060028E22A /* DareTests.xctest */,
			);
			name = Products;
			sourceTree = "<group>";
		};
		BF288AD31A86F5060028E22A /* Dare */ = {
			isa = PBXGroup;
			children = (
				BF288AD61A86F5060028E22A /* AppDelegate.swift */,
				BF288ADB1A86F5060028E22A /* SignInViewController.swift */,
				BF288ADD1A86F5060028E22A /* Main.storyboard */,
				BFF7F3081AC1EE1A00A0CD13 /* DareTableViewController.swift */,
				BF9F4D141AC0F5BA004A57FB /* DareCreationViewController.swift */,
				BF9F4D111AC0EF9C004A57FB /* ProfileViewController.swift */,
				BFF8A2A31AC0EA8D0097518F /* DareTabBarViewController.swift */,
				BFF8A2A11AC0A8380097518F /* AccountCreationViewController.swift */,
				BF288AE01A86F5060028E22A /* Images.xcassets */,
				BF288AE21A86F5060028E22A /* LaunchScreen.xib */,
				BF288AD81A86F5060028E22A /* Dare.xcdatamodeld */,
				BF288AD41A86F5060028E22A /* Supporting Files */,
				BFF7F30A1AC1F97900A0CD13 /* DareTableViewCell.xib */,
			);
			path = Dare;
			sourceTree = "<group>";
		};
		BF288AD41A86F5060028E22A /* Supporting Files */ = {
			isa = PBXGroup;
			children = (
				BFF7F3181AC20B3100A0CD13 /* swift 1.jpg */,
				BFF7F31A1AC20B7F00A0CD13 /* swift 2.jpg */,
				BFF7F3161AC2033800A0CD13 /* swift 3.jpg */,
				BFF8A2961AC095030097518F /* BebasNeue Bold.otf */,
				BFF8A2971AC095030097518F /* BebasNeue Book.otf */,
				BFF8A2981AC095030097518F /* BebasNeue Light.otf */,
				BFF8A2991AC095030097518F /* BebasNeue Regular.otf */,
				BFF8A29A1AC095030097518F /* BebasNeue Thin.otf */,
				BF288AD51A86F5060028E22A /* Info.plist */,
			);
			name = "Supporting Files";
			sourceTree = "<group>";
		};
		BF288AEC1A86F5060028E22A /* DareTests */ = {
			isa = PBXGroup;
			children = (
				BF288AEF1A86F5060028E22A /* DareTests.swift */,
				BF288AED1A86F5060028E22A /* Supporting Files */,
			);
			path = DareTests;
			sourceTree = "<group>";
		};
		BF288AED1A86F5060028E22A /* Supporting Files */ = {
			isa = PBXGroup;
			children = (
				BF288AEE1A86F5060028E22A /* Info.plist */,
			);
			name = "Supporting Files";
			sourceTree = "<group>";
		};
		C3F852A71AC3D23F00C92E44 /* Frameworks */ = {
			isa = PBXGroup;
			children = (
				C3F852A51AC3D23600C92E44 /* Bolts.framework */,
				C3F852A31AC3D22B00C92E44 /* Parse.framework */,
				C3F852A11AC3D20300C92E44 /* libsqlite3.dylib */,
				C3F8529F1AC3D1F800C92E44 /* libz.dylib */,
				C3F8529D1AC3D1EC00C92E44 /* SystemConfiguration.framework */,
				C3F8529B1AC3D1DD00C92E44 /* StoreKit.framework */,
				C3F852991AC3D1D200C92E44 /* Security.framework */,
				C3F852971AC3D1C800C92E44 /* QuartzCore.framework */,
				C3F852951AC3D1BD00C92E44 /* MobileCoreServices.framework */,
				C3F852931AC3D1B200C92E44 /* CoreLocation.framework */,
				C3F852911AC3D1A800C92E44 /* CoreGraphics.framework */,
				C3F8528F1AC3D19900C92E44 /* CFNetwork.framework */,
				C3F8528D1AC3D18B00C92E44 /* AudioToolbox.framework */,
			);
			name = Frameworks;
			sourceTree = "<group>";
		};
/* End PBXGroup section */

/* Begin PBXNativeTarget section */
		BF288AD01A86F5060028E22A /* Dare */ = {
			isa = PBXNativeTarget;
			buildConfigurationList = BF288AF31A86F5060028E22A /* Build configuration list for PBXNativeTarget "Dare" */;
			buildPhases = (
				BF288ACD1A86F5060028E22A /* Sources */,
				BF288ACE1A86F5060028E22A /* Frameworks */,
				BF288ACF1A86F5060028E22A /* Resources */,
			);
			buildRules = (
			);
			dependencies = (
			);
			name = Dare;
			productName = Dare;
			productReference = BF288AD11A86F5060028E22A /* Dare.app */;
			productType = "com.apple.product-type.application";
		};
		BF288AE81A86F5060028E22A /* DareTests */ = {
			isa = PBXNativeTarget;
			buildConfigurationList = BF288AF61A86F5060028E22A /* Build configuration list for PBXNativeTarget "DareTests" */;
			buildPhases = (
				BF288AE51A86F5060028E22A /* Sources */,
				BF288AE61A86F5060028E22A /* Frameworks */,
				BF288AE71A86F5060028E22A /* Resources */,
			);
			buildRules = (
			);
			dependencies = (
				BF288AEB1A86F5060028E22A /* PBXTargetDependency */,
			);
			name = DareTests;
			productName = DareTests;
			productReference = BF288AE91A86F5060028E22A /* DareTests.xctest */;
			productType = "com.apple.product-type.bundle.unit-test";
		};
/* End PBXNativeTarget section */

/* Begin PBXProject section */
		BF288AC91A86F5060028E22A /* Project object */ = {
			isa = PBXProject;
			attributes = {
				LastUpgradeCheck = 0610;
				ORGANIZATIONNAME = "Louis Olivas";
				TargetAttributes = {
					BF288AD01A86F5060028E22A = {
						CreatedOnToolsVersion = 6.1.1;
					};
					BF288AE81A86F5060028E22A = {
						CreatedOnToolsVersion = 6.1.1;
						TestTargetID = BF288AD01A86F5060028E22A;
					};
				};
			};
			buildConfigurationList = BF288ACC1A86F5060028E22A /* Build configuration list for PBXProject "Dare" */;
			compatibilityVersion = "Xcode 3.2";
			developmentRegion = English;
			hasScannedForEncodings = 0;
			knownRegions = (
				en,
				Base,
			);
			mainGroup = BF288AC81A86F5060028E22A;
			productRefGroup = BF288AD21A86F5060028E22A /* Products */;
			projectDirPath = "";
			projectRoot = "";
			targets = (
				BF288AD01A86F5060028E22A /* Dare */,
				BF288AE81A86F5060028E22A /* DareTests */,
			);
		};
/* End PBXProject section */

/* Begin PBXResourcesBuildPhase section */
		BF288ACF1A86F5060028E22A /* Resources */ = {
			isa = PBXResourcesBuildPhase;
			buildActionMask = 2147483647;
			files = (
				BFF8A29C1AC09F270097518F /* BebasNeue Bold.otf in Resources */,
				BFF7F30B1AC1F97900A0CD13 /* DareTableViewCell.xib in Resources */,
				BFF8A29D1AC09F270097518F /* BebasNeue Book.otf in Resources */,
				BFF8A29E1AC09F270097518F /* BebasNeue Light.otf in Resources */,
				BFF7F3191AC20B3100A0CD13 /* swift 1.jpg in Resources */,
				BFF8A29F1AC09F270097518F /* BebasNeue Regular.otf in Resources */,
				BFF8A2A01AC09F270097518F /* BebasNeue Thin.otf in Resources */,
				BF288ADF1A86F5060028E22A /* Main.storyboard in Resources */,
				BFF7F3171AC2033800A0CD13 /* swift 3.jpg in Resources */,
				BF288AE41A86F5060028E22A /* LaunchScreen.xib in Resources */,
				BF288AE11A86F5060028E22A /* Images.xcassets in Resources */,
				BFF7F31B1AC20B7F00A0CD13 /* swift 2.jpg in Resources */,
			);
			runOnlyForDeploymentPostprocessing = 0;
		};
		BF288AE71A86F5060028E22A /* Resources */ = {
			isa = PBXResourcesBuildPhase;
			buildActionMask = 2147483647;
			files = (
			);
			runOnlyForDeploymentPostprocessing = 0;
		};
/* End PBXResourcesBuildPhase section */

/* Begin PBXSourcesBuildPhase section */
		BF288ACD1A86F5060028E22A /* Sources */ = {
			isa = PBXSourcesBuildPhase;
			buildActionMask = 2147483647;
			files = (
				BF288ADC1A86F5060028E22A /* SignInViewController.swift in Sources */,
				BFF8A2A41AC0EA8D0097518F /* DareTabBarViewController.swift in Sources */,
				BF288AD71A86F5060028E22A /* AppDelegate.swift in Sources */,
				BF9F4D121AC0EF9C004A57FB /* ProfileViewController.swift in Sources */,
				BF288ADA1A86F5060028E22A /* Dare.xcdatamodeld in Sources */,
				BF9F4D151AC0F5BA004A57FB /* DareCreationViewController.swift in Sources */,
				BFF7F3091AC1EE1A00A0CD13 /* DareTableViewController.swift in Sources */,
				BFF8A2A21AC0A8380097518F /* AccountCreationViewController.swift in Sources */,
			);
			runOnlyForDeploymentPostprocessing = 0;
		};
		BF288AE51A86F5060028E22A /* Sources */ = {
			isa = PBXSourcesBuildPhase;
			buildActionMask = 2147483647;
			files = (
				BF288AF01A86F5060028E22A /* DareTests.swift in Sources */,
			);
			runOnlyForDeploymentPostprocessing = 0;
		};
/* End PBXSourcesBuildPhase section */

/* Begin PBXTargetDependency section */
		BF288AEB1A86F5060028E22A /* PBXTargetDependency */ = {
			isa = PBXTargetDependency;
			target = BF288AD01A86F5060028E22A /* Dare */;
			targetProxy = BF288AEA1A86F5060028E22A /* PBXContainerItemProxy */;
		};
/* End PBXTargetDependency section */

/* Begin PBXVariantGroup section */
		BF288ADD1A86F5060028E22A /* Main.storyboard */ = {
			isa = PBXVariantGroup;
			children = (
				BF288ADE1A86F5060028E22A /* Base */,
			);
			name = Main.storyboard;
			sourceTree = "<group>";
		};
		BF288AE21A86F5060028E22A /* LaunchScreen.xib */ = {
			isa = PBXVariantGroup;
			children = (
				BF288AE31A86F5060028E22A /* Base */,
			);
			name = LaunchScreen.xib;
			sourceTree = "<group>";
		};
/* End PBXVariantGroup section */

/* Begin XCBuildConfiguration section */
		BF288AF11A86F5060028E22A /* Debug */ = {
			isa = XCBuildConfiguration;
			buildSettings = {
				ALWAYS_SEARCH_USER_PATHS = NO;
				CLANG_CXX_LANGUAGE_STANDARD = "gnu++0x";
				CLANG_CXX_LIBRARY = "libc++";
				CLANG_ENABLE_MODULES = YES;
				CLANG_ENABLE_OBJC_ARC = YES;
				CLANG_WARN_BOOL_CONVERSION = YES;
				CLANG_WARN_CONSTANT_CONVERSION = YES;
				CLANG_WARN_DIRECT_OBJC_ISA_USAGE = YES_ERROR;
				CLANG_WARN_EMPTY_BODY = YES;
				CLANG_WARN_ENUM_CONVERSION = YES;
				CLANG_WARN_INT_CONVERSION = YES;
				CLANG_WARN_OBJC_ROOT_CLASS = YES_ERROR;
				CLANG_WARN_UNREACHABLE_CODE = YES;
				CLANG_WARN__DUPLICATE_METHOD_MATCH = YES;
				"CODE_SIGN_IDENTITY[sdk=iphoneos*]" = "iPhone Developer";
				COPY_PHASE_STRIP = NO;
				ENABLE_STRICT_OBJC_MSGSEND = YES;
				GCC_C_LANGUAGE_STANDARD = gnu99;
				GCC_DYNAMIC_NO_PIC = NO;
				GCC_OPTIMIZATION_LEVEL = 0;
				GCC_PREPROCESSOR_DEFINITIONS = (
					"DEBUG=1",
					"$(inherited)",
				);
				GCC_SYMBOLS_PRIVATE_EXTERN = NO;
				GCC_WARN_64_TO_32_BIT_CONVERSION = YES;
				GCC_WARN_ABOUT_RETURN_TYPE = YES_ERROR;
				GCC_WARN_UNDECLARED_SELECTOR = YES;
				GCC_WARN_UNINITIALIZED_AUTOS = YES_AGGRESSIVE;
				GCC_WARN_UNUSED_FUNCTION = YES;
				GCC_WARN_UNUSED_VARIABLE = YES;
				IPHONEOS_DEPLOYMENT_TARGET = 8.1;
				MTL_ENABLE_DEBUG_INFO = YES;
				ONLY_ACTIVE_ARCH = YES;
				SDKROOT = iphoneos;
				SWIFT_OPTIMIZATION_LEVEL = "-Onone";
			};
			name = Debug;
		};
		BF288AF21A86F5060028E22A /* Release */ = {
			isa = XCBuildConfiguration;
			buildSettings = {
				ALWAYS_SEARCH_USER_PATHS = NO;
				CLANG_CXX_LANGUAGE_STANDARD = "gnu++0x";
				CLANG_CXX_LIBRARY = "libc++";
				CLANG_ENABLE_MODULES = YES;
				CLANG_ENABLE_OBJC_ARC = YES;
				CLANG_WARN_BOOL_CONVERSION = YES;
				CLANG_WARN_CONSTANT_CONVERSION = YES;
				CLANG_WARN_DIRECT_OBJC_ISA_USAGE = YES_ERROR;
				CLANG_WARN_EMPTY_BODY = YES;
				CLANG_WARN_ENUM_CONVERSION = YES;
				CLANG_WARN_INT_CONVERSION = YES;
				CLANG_WARN_OBJC_ROOT_CLASS = YES_ERROR;
				CLANG_WARN_UNREACHABLE_CODE = YES;
				CLANG_WARN__DUPLICATE_METHOD_MATCH = YES;
				"CODE_SIGN_IDENTITY[sdk=iphoneos*]" = "iPhone Developer";
				COPY_PHASE_STRIP = YES;
				ENABLE_NS_ASSERTIONS = NO;
				ENABLE_STRICT_OBJC_MSGSEND = YES;
				GCC_C_LANGUAGE_STANDARD = gnu99;
				GCC_WARN_64_TO_32_BIT_CONVERSION = YES;
				GCC_WARN_ABOUT_RETURN_TYPE = YES_ERROR;
				GCC_WARN_UNDECLARED_SELECTOR = YES;
				GCC_WARN_UNINITIALIZED_AUTOS = YES_AGGRESSIVE;
				GCC_WARN_UNUSED_FUNCTION = YES;
				GCC_WARN_UNUSED_VARIABLE = YES;
				IPHONEOS_DEPLOYMENT_TARGET = 8.1;
				MTL_ENABLE_DEBUG_INFO = NO;
				SDKROOT = iphoneos;
				VALIDATE_PRODUCT = YES;
			};
			name = Release;
		};
		BF288AF41A86F5060028E22A /* Debug */ = {
			isa = XCBuildConfiguration;
			buildSettings = {
				ASSETCATALOG_COMPILER_APPICON_NAME = AppIcon;
				FRAMEWORK_SEARCH_PATHS = (
					"$(inherited)",
					"$(PROJECT_DIR)",
				);
				INFOPLIST_FILE = Dare/Info.plist;
				LD_RUNPATH_SEARCH_PATHS = "$(inherited) @executable_path/Frameworks";
				PRODUCT_NAME = "$(TARGET_NAME)";
			};
			name = Debug;
		};
		BF288AF51A86F5060028E22A /* Release */ = {
			isa = XCBuildConfiguration;
			buildSettings = {
				ASSETCATALOG_COMPILER_APPICON_NAME = AppIcon;
				FRAMEWORK_SEARCH_PATHS = (
					"$(inherited)",
					"$(PROJECT_DIR)",
				);
				INFOPLIST_FILE = Dare/Info.plist;
				LD_RUNPATH_SEARCH_PATHS = "$(inherited) @executable_path/Frameworks";
				PRODUCT_NAME = "$(TARGET_NAME)";
			};
			name = Release;
		};
		BF288AF71A86F5060028E22A /* Debug */ = {
			isa = XCBuildConfiguration;
			buildSettings = {
				BUNDLE_LOADER = "$(TEST_HOST)";
				FRAMEWORK_SEARCH_PATHS = (
					"$(SDKROOT)/Developer/Library/Frameworks",
					"$(inherited)",
				);
				GCC_PREPROCESSOR_DEFINITIONS = (
					"DEBUG=1",
					"$(inherited)",
				);
				INFOPLIST_FILE = DareTests/Info.plist;
				LD_RUNPATH_SEARCH_PATHS = "$(inherited) @executable_path/Frameworks @loader_path/Frameworks";
				PRODUCT_NAME = "$(TARGET_NAME)";
				TEST_HOST = "$(BUILT_PRODUCTS_DIR)/Dare.app/Dare";
			};
			name = Debug;
		};
		BF288AF81A86F5060028E22A /* Release */ = {
			isa = XCBuildConfiguration;
			buildSettings = {
				BUNDLE_LOADER = "$(TEST_HOST)";
				FRAMEWORK_SEARCH_PATHS = (
					"$(SDKROOT)/Developer/Library/Frameworks",
					"$(inherited)",
				);
				INFOPLIST_FILE = DareTests/Info.plist;
				LD_RUNPATH_SEARCH_PATHS = "$(inherited) @executable_path/Frameworks @loader_path/Frameworks";
				PRODUCT_NAME = "$(TARGET_NAME)";
				TEST_HOST = "$(BUILT_PRODUCTS_DIR)/Dare.app/Dare";
			};
			name = Release;
		};
/* End XCBuildConfiguration section */

/* Begin XCConfigurationList section */
		BF288ACC1A86F5060028E22A /* Build configuration list for PBXProject "Dare" */ = {
			isa = XCConfigurationList;
			buildConfigurations = (
				BF288AF11A86F5060028E22A /* Debug */,
				BF288AF21A86F5060028E22A /* Release */,
			);
			defaultConfigurationIsVisible = 0;
			defaultConfigurationName = Release;
		};
		BF288AF31A86F5060028E22A /* Build configuration list for PBXNativeTarget "Dare" */ = {
			isa = XCConfigurationList;
			buildConfigurations = (
				BF288AF41A86F5060028E22A /* Debug */,
				BF288AF51A86F5060028E22A /* Release */,
			);
			defaultConfigurationIsVisible = 0;
			defaultConfigurationName = Release;
		};
		BF288AF61A86F5060028E22A /* Build configuration list for PBXNativeTarget "DareTests" */ = {
			isa = XCConfigurationList;
			buildConfigurations = (
				BF288AF71A86F5060028E22A /* Debug */,
				BF288AF81A86F5060028E22A /* Release */,
			);
			defaultConfigurationIsVisible = 0;
			defaultConfigurationName = Release;
		};
/* End XCConfigurationList section */

/* Begin XCVersionGroup section */
		BF288AD81A86F5060028E22A /* Dare.xcdatamodeld */ = {
			isa = XCVersionGroup;
			children = (
				BF288AD91A86F5060028E22A /* Dare.xcdatamodel */,
			);
			currentVersion = BF288AD91A86F5060028E22A /* Dare.xcdatamodel */;
			path = Dare.xcdatamodeld;
			sourceTree = "<group>";
			versionGroupType = wrapper.xcdatamodel;
		};
/* End XCVersionGroup section */
	};
	rootObject = BF288AC91A86F5060028E22A /* Project object */;
}
